
Microsoft Visual Studio Solution File, Format Version 12.00
# Visual Studio Version 16
VisualStudioVersion = 16.0.29728.190
MinimumVisualStudioVersion = 10.0.40219.1
Project("{FAE04EC0-301F-11D3-BF4B-00C04F79EFBC}") = "CrudAPIRest", "CrudAPIRest\CrudAPIRest.csproj", "{9EF6B8E0-CD19-4BA1-85D9-C8EE36107D1F}"
EndProject
Global
	GlobalSection(SolutionConfigurationPlatforms) = preSolution
		Debug|Any CPU = Debug|Any CPU
		Release|Any CPU = Release|Any CPU
	EndGlobalSection
	GlobalSection(ProjectConfigurationPlatforms) = postSolution
		{9EF6B8E0-CD19-4BA1-85D9-C8EE36107D1F}.Debug|Any CPU.ActiveCfg = Debug|Any CPU
		{9EF6B8E0-CD19-4BA1-85D9-C8EE36107D1F}.Debug|Any CPU.Build.0 = Debug|Any CPU
		{9EF6B8E0-CD19-4BA1-85D9-C8EE36107D1F}.Release|Any CPU.ActiveCfg = Release|Any CPU
		{9EF6B8E0-CD19-4BA1-85D9-C8EE36107D1F}.Release|Any CPU.Build.0 = Release|Any CPU
	EndGlobalSection
	GlobalSection(SolutionProperties) = preSolution
		HideSolutionNode = FALSE
	EndGlobalSection
	GlobalSection(ExtensibilityGlobals) = postSolution
		SolutionGuid = {D5492511-629E-426A-94E6-BC3B1B430A63}
	EndGlobalSection
EndGlobal
